
Microsoft Visual Studio Solution File, Format Version 12.00
# Visual Studio Version 16
VisualStudioVersion = 16.0.30804.86
MinimumVisualStudioVersion = 10.0.40219.1
Project("{FAE04EC0-301F-11D3-BF4B-00C04F79EFBC}") = "MacConvert", "MacConvert\MacConvert.csproj", "{95056BA9-1840-4342-9C46-9D6C36C4EE69}"
EndProject
Global
	GlobalSection(SolutionConfigurationPlatforms) = preSolution
		Debug|Any CPU = Debug|Any CPU
		Release|Any CPU = Release|Any CPU
	EndGlobalSection
	GlobalSection(ProjectConfigurationPlatforms) = postSolution
		{95056BA9-1840-4342-9C46-9D6C36C4EE69}.Debug|Any CPU.ActiveCfg = Debug|Any CPU
		{95056BA9-1840-4342-9C46-9D6C36C4EE69}.Debug|Any CPU.Build.0 = Debug|Any CPU
		{95056BA9-1840-4342-9C46-9D6C36C4EE69}.Release|Any CPU.ActiveCfg = Release|Any CPU
		{95056BA9-1840-4342-9C46-9D6C36C4EE69}.Release|Any CPU.Build.0 = Release|Any CPU
	EndGlobalSection
	GlobalSection(SolutionProperties) = preSolution
		HideSolutionNode = FALSE
	EndGlobalSection
	GlobalSection(ExtensibilityGlobals) = postSolution
		SolutionGuid = {91B7610B-D36A-4408-AEB2-ECE771561D6D}
	EndGlobalSection
EndGlobal
